
Microsoft Visual Studio Solution File, Format Version 12.00
# Visual Studio Version 16
VisualStudioVersion = 25.0.1705.6
MinimumVisualStudioVersion = 10.0.40219.1
Project("{FAE04EC0-301F-11D3-BF4B-00C04F79EFBC}") = "mvc-shop", "mvc-shop.csproj", "{EDD1A2F1-0343-4DDD-AA52-89CD96E05284}"
EndProject
Global
	GlobalSection(SolutionConfigurationPlatforms) = preSolution
		Debug|Any CPU = Debug|Any CPU
		Release|Any CPU = Release|Any CPU
	EndGlobalSection
	GlobalSection(ProjectConfigurationPlatforms) = postSolution
		{EDD1A2F1-0343-4DDD-AA52-89CD96E05284}.Debug|Any CPU.ActiveCfg = Debug|Any CPU
		{EDD1A2F1-0343-4DDD-AA52-89CD96E05284}.Debug|Any CPU.Build.0 = Debug|Any CPU
		{EDD1A2F1-0343-4DDD-AA52-89CD96E05284}.Release|Any CPU.ActiveCfg = Release|Any CPU
		{EDD1A2F1-0343-4DDD-AA52-89CD96E05284}.Release|Any CPU.Build.0 = Release|Any CPU
	EndGlobalSection
	GlobalSection(SolutionProperties) = preSolution
		HideSolutionNode = FALSE
	EndGlobalSection
	GlobalSection(ExtensibilityGlobals) = postSolution
		SolutionGuid = {2C2BB254-132F-4A1F-A28F-1B7E2A5A121E}
	EndGlobalSection
EndGlobal
